PODS:
  - Flutter (1.0.0)
  - pedometer (0.0.1):
    - Flutter

DEPENDENCIES:
  - Flutter (from `Flutter`)
  - pedometer (from `.symlinks/plugins/pedometer/ios`)

EXTERNAL SOURCES:
  Flutter:
    :path: Flutter
  pedometer:
    :path: ".symlinks/plugins/pedometer/ios"

SPEC CHECKSUMS:
  Flutter: 50d75fe2f02b26cc09d224853bb45737f8b3214a
  pedometer: 381969883680ade42559782cc41a3bbd453d8234

PODFILE CHECKSUM: a75497545d4391e2d394c3668e20cfb1c2bbd4aa

COCOAPODS: 1.11.3
